
Microsoft Visual Studio Solution File, Format Version 12.00
# Visual Studio Version 17
VisualStudioVersion = 17.0.31903.59
MinimumVisualStudioVersion = 10.0.40219.1
Project("{FAE04EC0-301F-11D3-BF4B-00C04F79EFBC}") = "NoBolso.Domain", "src\NoBolso.Core\NoBolso.Domain.csproj", "{A580A0C6-3D5C-4CB8-93BA-DC3618607111}"
EndProject
Project("{FAE04EC0-301F-11D3-BF4B-00C04F79EFBC}") = "NoBolso.Application", "src\NoBolso.Application\NoBolso.Application.csproj", "{81847A69-AB38-4C3E-95F8-D305CFF4EFE8}"
EndProject
Project("{FAE04EC0-301F-11D3-BF4B-00C04F79EFBC}") = "NoBolso.Infrastructure", "src\NoBolso.Infrastructure\NoBolso.Infrastructure.csproj", "{925978B8-3730-4D26-B842-2CA9D5C81B35}"
EndProject
Project("{FAE04EC0-301F-11D3-BF4B-00C04F79EFBC}") = "NoBolso.API", "src\NoBolso.API\NoBolso.API.csproj", "{D37B05CD-B34A-4B72-89A7-8460ACCD31DC}"
EndProject
Project("{2150E333-8FDC-42A3-9474-1A3956D46DE8}") = "Solution Items", "Solution Items", "{5CB95AA4-3C7B-4E9E-A06D-D516DE4C889B}"
	ProjectSection(SolutionItems) = preProject
		.dockerignore = .dockerignore
		compose.yaml = compose.yaml
	EndProjectSection
EndProject
Project("{2150E333-8FDC-42A3-9474-1A3956D46DE8}") = "src", "src", "{0EA260D5-EDE9-480E-B065-49F9CE89A1EB}"
EndProject
Project("{2150E333-8FDC-42A3-9474-1A3956D46DE8}") = "tests", "tests", "{0F45C663-1A2A-40A7-A7BE-8708C87187C6}"
EndProject
Project("{FAE04EC0-301F-11D3-BF4B-00C04F79EFBC}") = "NoBolso.Domain.Tests", "tests\NoBolso.Domain.Tests\NoBolso.Domain.Tests.csproj", "{C3D5F2AD-16E1-437E-AE76-9A7A00030AC6}"
EndProject
Project("{FAE04EC0-301F-11D3-BF4B-00C04F79EFBC}") = "NoBolso.Application.Tests", "tests\NoBolso.Application.Tests\NoBolso.Application.Tests.csproj", "{EC69D5BF-542C-481C-9FA9-8FEF9ED5C385}"
EndProject
Project("{FAE04EC0-301F-11D3-BF4B-00C04F79EFBC}") = "NoBolso.API.Tests", "tests\NoBolso.API.Tests\NoBolso.API.Tests.csproj", "{56582B62-6448-4E1D-B6C7-02BF68F9F183}"
EndProject
Project("{2150E333-8FDC-42A3-9474-1A3956D46DE8}") = "Core", "Core", "{02EA681E-C7D8-13C7-8484-4AC65E1B71E8}"
EndProject
Project("{2150E333-8FDC-42A3-9474-1A3956D46DE8}") = "Infrastructure", "Infrastructure", "{F26FBC8A-8F84-45BD-8B87-F11AA9A597E3}"
EndProject
Project("{2150E333-8FDC-42A3-9474-1A3956D46DE8}") = "Presentations", "Presentations", "{27DA955F-6691-45BD-8FEA-21B14FACF4F6}"
EndProject
Global
	GlobalSection(SolutionConfigurationPlatforms) = preSolution
		Debug|Any CPU = Debug|Any CPU
		Release|Any CPU = Release|Any CPU
	EndGlobalSection
	GlobalSection(ProjectConfigurationPlatforms) = postSolution
		{A580A0C6-3D5C-4CB8-93BA-DC3618607111}.Debug|Any CPU.ActiveCfg = Debug|Any CPU
		{A580A0C6-3D5C-4CB8-93BA-DC3618607111}.Debug|Any CPU.Build.0 = Debug|Any CPU
		{A580A0C6-3D5C-4CB8-93BA-DC3618607111}.Release|Any CPU.ActiveCfg = Release|Any CPU
		{A580A0C6-3D5C-4CB8-93BA-DC3618607111}.Release|Any CPU.Build.0 = Release|Any CPU
		{81847A69-AB38-4C3E-95F8-D305CFF4EFE8}.Debug|Any CPU.ActiveCfg = Debug|Any CPU
		{81847A69-AB38-4C3E-95F8-D305CFF4EFE8}.Debug|Any CPU.Build.0 = Debug|Any CPU
		{81847A69-AB38-4C3E-95F8-D305CFF4EFE8}.Release|Any CPU.ActiveCfg = Release|Any CPU
		{81847A69-AB38-4C3E-95F8-D305CFF4EFE8}.Release|Any CPU.Build.0 = Release|Any CPU
		{925978B8-3730-4D26-B842-2CA9D5C81B35}.Debug|Any CPU.ActiveCfg = Debug|Any CPU
		{925978B8-3730-4D26-B842-2CA9D5C81B35}.Debug|Any CPU.Build.0 = Debug|Any CPU
		{925978B8-3730-4D26-B842-2CA9D5C81B35}.Release|Any CPU.ActiveCfg = Release|Any CPU
		{925978B8-3730-4D26-B842-2CA9D5C81B35}.Release|Any CPU.Build.0 = Release|Any CPU
		{D37B05CD-B34A-4B72-89A7-8460ACCD31DC}.Debug|Any CPU.ActiveCfg = Debug|Any CPU
		{D37B05CD-B34A-4B72-89A7-8460ACCD31DC}.Debug|Any CPU.Build.0 = Debug|Any CPU
		{D37B05CD-B34A-4B72-89A7-8460ACCD31DC}.Release|Any CPU.ActiveCfg = Release|Any CPU
		{D37B05CD-B34A-4B72-89A7-8460ACCD31DC}.Release|Any CPU.Build.0 = Release|Any CPU
		{C3D5F2AD-16E1-437E-AE76-9A7A00030AC6}.Debug|Any CPU.ActiveCfg = Debug|Any CPU
		{C3D5F2AD-16E1-437E-AE76-9A7A00030AC6}.Debug|Any CPU.Build.0 = Debug|Any CPU
		{C3D5F2AD-16E1-437E-AE76-9A7A00030AC6}.Release|Any CPU.ActiveCfg = Release|Any CPU
		{C3D5F2AD-16E1-437E-AE76-9A7A00030AC6}.Release|Any CPU.Build.0 = Release|Any CPU
		{EC69D5BF-542C-481C-9FA9-8FEF9ED5C385}.Debug|Any CPU.ActiveCfg = Debug|Any CPU
		{EC69D5BF-542C-481C-9FA9-8FEF9ED5C385}.Debug|Any CPU.Build.0 = Debug|Any CPU
		{EC69D5BF-542C-481C-9FA9-8FEF9ED5C385}.Release|Any CPU.ActiveCfg = Release|Any CPU
		{EC69D5BF-542C-481C-9FA9-8FEF9ED5C385}.Release|Any CPU.Build.0 = Release|Any CPU
		{56582B62-6448-4E1D-B6C7-02BF68F9F183}.Debug|Any CPU.ActiveCfg = Debug|Any CPU
		{56582B62-6448-4E1D-B6C7-02BF68F9F183}.Debug|Any CPU.Build.0 = Debug|Any CPU
		{56582B62-6448-4E1D-B6C7-02BF68F9F183}.Release|Any CPU.ActiveCfg = Release|Any CPU
		{56582B62-6448-4E1D-B6C7-02BF68F9F183}.Release|Any CPU.Build.0 = Release|Any CPU
	EndGlobalSection
	GlobalSection(SolutionProperties) = preSolution
		HideSolutionNode = FALSE
	EndGlobalSection
	GlobalSection(NestedProjects) = preSolution
		{A580A0C6-3D5C-4CB8-93BA-DC3618607111} = {02EA681E-C7D8-13C7-8484-4AC65E1B71E8}
		{81847A69-AB38-4C3E-95F8-D305CFF4EFE8} = {02EA681E-C7D8-13C7-8484-4AC65E1B71E8}
		{925978B8-3730-4D26-B842-2CA9D5C81B35} = {F26FBC8A-8F84-45BD-8B87-F11AA9A597E3}
		{D37B05CD-B34A-4B72-89A7-8460ACCD31DC} = {27DA955F-6691-45BD-8FEA-21B14FACF4F6}
		{C3D5F2AD-16E1-437E-AE76-9A7A00030AC6} = {0F45C663-1A2A-40A7-A7BE-8708C87187C6}
		{EC69D5BF-542C-481C-9FA9-8FEF9ED5C385} = {0F45C663-1A2A-40A7-A7BE-8708C87187C6}
		{56582B62-6448-4E1D-B6C7-02BF68F9F183} = {0F45C663-1A2A-40A7-A7BE-8708C87187C6}
		{02EA681E-C7D8-13C7-8484-4AC65E1B71E8} = {0EA260D5-EDE9-480E-B065-49F9CE89A1EB}
		{F26FBC8A-8F84-45BD-8B87-F11AA9A597E3} = {0EA260D5-EDE9-480E-B065-49F9CE89A1EB}
		{27DA955F-6691-45BD-8FEA-21B14FACF4F6} = {0EA260D5-EDE9-480E-B065-49F9CE89A1EB}
	EndGlobalSection
	GlobalSection(ExtensibilityGlobals) = postSolution
		SolutionGuid = {AEE3EBA7-68EB-4F98-AFE8-5511EB2DD55B}
	EndGlobalSection
EndGlobal
